
Microsoft Visual Studio Solution File, Format Version 12.00
# Visual Studio Version 17
VisualStudioVersion = 17.3.32819.101
MinimumVisualStudioVersion = 10.0.40219.1
Project("{9A19103F-16F7-4668-BE54-9A1E7A4F7556}") = "BattleCardsLibrary", "BattleCardsLibrary\BattleCardsLibrary.csproj", "{3846FD66-3C70-42C7-AB06-9947D162C57B}"
EndProject
Project("{9A19103F-16F7-4668-BE54-9A1E7A4F7556}") = "UserInterface", "UserInterface\UserInterface.csproj", "{C7ABBFFB-E602-4588-846E-A1D9FB75ACA0}"
EndProject
Global
	GlobalSection(SolutionConfigurationPlatforms) = preSolution
		Debug|Any CPU = Debug|Any CPU
		Release|Any CPU = Release|Any CPU
	EndGlobalSection
	GlobalSection(ProjectConfigurationPlatforms) = postSolution
		{3846FD66-3C70-42C7-AB06-9947D162C57B}.Debug|Any CPU.ActiveCfg = Debug|Any CPU
		{3846FD66-3C70-42C7-AB06-9947D162C57B}.Debug|Any CPU.Build.0 = Debug|Any CPU
		{3846FD66-3C70-42C7-AB06-9947D162C57B}.Release|Any CPU.ActiveCfg = Release|Any CPU
		{3846FD66-3C70-42C7-AB06-9947D162C57B}.Release|Any CPU.Build.0 = Release|Any CPU
		{C7ABBFFB-E602-4588-846E-A1D9FB75ACA0}.Debug|Any CPU.ActiveCfg = Debug|Any CPU
		{C7ABBFFB-E602-4588-846E-A1D9FB75ACA0}.Debug|Any CPU.Build.0 = Debug|Any CPU
		{C7ABBFFB-E602-4588-846E-A1D9FB75ACA0}.Release|Any CPU.ActiveCfg = Release|Any CPU
		{C7ABBFFB-E602-4588-846E-A1D9FB75ACA0}.Release|Any CPU.Build.0 = Release|Any CPU
	EndGlobalSection
	GlobalSection(SolutionProperties) = preSolution
		HideSolutionNode = FALSE
	EndGlobalSection
	GlobalSection(ExtensibilityGlobals) = postSolution
		SolutionGuid = {9CE1724C-BE6A-4E17-9BA6-1A8A1B4291BC}
	EndGlobalSection
EndGlobal
