
Microsoft Visual Studio Solution File, Format Version 12.00
# Visual Studio Version 17
VisualStudioVersion = 17.3.32819.101
MinimumVisualStudioVersion = 10.0.40219.1
Project("{FAE04EC0-301F-11D3-BF4B-00C04F79EFBC}") = "CardDeveloper1", "CardDeveloper1\CardDeveloper1.csproj", "{F0D19CD3-4552-445F-A189-33491B158A67}"
EndProject
Global
	GlobalSection(SolutionConfigurationPlatforms) = preSolution
		Debug|Any CPU = Debug|Any CPU
		Release|Any CPU = Release|Any CPU
	EndGlobalSection
	GlobalSection(ProjectConfigurationPlatforms) = postSolution
		{F0D19CD3-4552-445F-A189-33491B158A67}.Debug|Any CPU.ActiveCfg = Debug|Any CPU
		{F0D19CD3-4552-445F-A189-33491B158A67}.Debug|Any CPU.Build.0 = Debug|Any CPU
		{F0D19CD3-4552-445F-A189-33491B158A67}.Release|Any CPU.ActiveCfg = Release|Any CPU
		{F0D19CD3-4552-445F-A189-33491B158A67}.Release|Any CPU.Build.0 = Release|Any CPU
	EndGlobalSection
	GlobalSection(SolutionProperties) = preSolution
		HideSolutionNode = FALSE
	EndGlobalSection
	GlobalSection(ExtensibilityGlobals) = postSolution
		SolutionGuid = {B2C7A9D5-4142-4270-A147-624D09297533}
	EndGlobalSection
EndGlobal
